
Microsoft Visual Studio Solution File, Format Version 12.00
# Visual Studio Version 17
VisualStudioVersion = 17.7.34003.232
MinimumVisualStudioVersion = 10.0.40219.1
Project("{9A19103F-16F7-4668-BE54-9A1E7A4F7556}") = "FrontWpf", "GuessTheNumber2\FrontWpf.csproj", "{FADB212D-9631-4A35-B9C2-2943AA0D37AB}"
EndProject
Global
	GlobalSection(SolutionConfigurationPlatforms) = preSolution
		Debug|Any CPU = Debug|Any CPU
		Release|Any CPU = Release|Any CPU
	EndGlobalSection
	GlobalSection(ProjectConfigurationPlatforms) = postSolution
		{FADB212D-9631-4A35-B9C2-2943AA0D37AB}.Debug|Any CPU.ActiveCfg = Debug|Any CPU
		{FADB212D-9631-4A35-B9C2-2943AA0D37AB}.Debug|Any CPU.Build.0 = Debug|Any CPU
		{FADB212D-9631-4A35-B9C2-2943AA0D37AB}.Release|Any CPU.ActiveCfg = Release|Any CPU
		{FADB212D-9631-4A35-B9C2-2943AA0D37AB}.Release|Any CPU.Build.0 = Release|Any CPU
	EndGlobalSection
	GlobalSection(SolutionProperties) = preSolution
		HideSolutionNode = FALSE
	EndGlobalSection
	GlobalSection(ExtensibilityGlobals) = postSolution
		SolutionGuid = {27923F33-7C4F-4623-AF12-F3849B50EB86}
	EndGlobalSection
EndGlobal
